[[package]]
name = "attrs"
version = "22.1.0"
description = "Classes Without Boilerplate"
category = "main"
optional = false
python-versions = ">=3.5"

[package.extras]
dev = ["cloudpickle", "coverage[toml] (>=5.0.2)", "furo", "hypothesis", "mypy (>=0.900,!=0.940)", "pre-commit", "pympler", "pytest (>=4.3.0)", "pytest-mypy-plugins", "sphinx", "sphinx-notfound-page", "zope.interface"]
docs = ["furo", "sphinx", "sphinx-notfound-page", "zope.interface"]
tests = ["cloudpickle", "coverage[toml] (>=5.0.2)", "hypothesis", "mypy (>=0.900,!=0.940)", "pympler", "pytest (>=4.3.0)", "pytest-mypy-plugins", "zope.interface"]
tests_no_zope = ["cloudpickle", "coverage[toml] (>=5.0.2)", "hypothesis", "mypy (>=0.900,!=0.940)", "pympler", "pytest (>=4.3.0)", "pytest-mypy-plugins"]

[[package]]
name = "aws-cdk-lib"
version = "2.39.0"
description = "Version 2 of the AWS Cloud Development Kit library"
category = "main"
optional = false
python-versions = "~=3.7"

[package.dependencies]
constructs = ">=10.0.0,<11.0.0"
jsii = ">=1.65.0,<2.0.0"
publication = ">=0.0.3"
typeguard = ">=2.13.3,<2.14.0"

[[package]]
name = "aws-cdk.aws-lambda-python-alpha"
version = "2.39.0a0"
description = "The CDK Construct Library for AWS Lambda in Python"
category = "main"
optional = false
python-versions = "~=3.7"

[package.dependencies]
aws-cdk-lib = ">=2.39.0,<3.0.0"
constructs = ">=10.0.0,<11.0.0"
jsii = ">=1.65.0,<2.0.0"
publication = ">=0.0.3"
typeguard = ">=2.13.3,<2.14.0"

[[package]]
name = "cattrs"
version = "22.1.0"
description = "Composable complex class support for attrs and dataclasses."
category = "main"
optional = false
python-versions = ">=3.7,<4.0"

[package.dependencies]
attrs = ">=20"
exceptiongroup = {version = "*", markers = "python_version <= \"3.10\""}

[[package]]
name = "constructs"
version = "10.1.88"
description = "A programming model for software-defined state"
category = "main"
optional = false
python-versions = "~=3.7"

[package.dependencies]
jsii = ">=1.65.0,<2.0.0"
publication = ">=0.0.3"
typeguard = ">=2.13.3,<2.14.0"

[[package]]
name = "exceptiongroup"
version = "1.0.0rc8"
description = "Backport of PEP 654 (exception groups)"
category = "main"
optional = false
python-versions = ">=3.7"

[package.extras]
test = ["pytest (>=6)"]

[[package]]
name = "jsii"
version = "1.65.0"
description = "Python client for jsii runtime"
category = "main"
optional = false
python-versions = "~=3.7"

[package.dependencies]
attrs = ">=21.2,<23.0"
cattrs = ">=1.8,<22.2"
publication = ">=0.0.3"
python-dateutil = "*"
typeguard = ">=2.13.3,<2.14.0"
typing-extensions = ">=3.7,<5.0"

[[package]]
name = "mentor-match"
version = "7.0.0"
description = "A series of classes to match mentors and mentees"
category = "main"
optional = false
python-versions = "*"

[package.dependencies]
munkres = "*"

[[package]]
name = "munkres"
version = "1.1.4"
description = "Munkres (Hungarian) algorithm for the Assignment Problem"
category = "main"
optional = false
python-versions = "*"

[[package]]
name = "publication"
version = "0.0.3"
description = "Publication helps you maintain public-api-friendly modules by preventing unintentional access to private implementation details via introspection."
category = "main"
optional = false
python-versions = "*"

[[package]]
name = "python-dateutil"
version = "2.8.2"
description = "Extensions to the standard Python datetime module"
category = "main"
optional = false
python-versions = "!=3.0.*,!=3.1.*,!=3.2.*,>=2.7"

[package.dependencies]
six = ">=1.5"

[[package]]
name = "six"
version = "1.16.0"
description = "Python 2 and 3 compatibility utilities"
category = "main"
optional = false
python-versions = ">=2.7, !=3.0.*, !=3.1.*, !=3.2.*"

[[package]]
name = "typeguard"
version = "2.13.3"
description = "Run-time type checker for Python"
category = "main"
optional = false
python-versions = ">=3.5.3"

[package.extras]
doc = ["sphinx-autodoc-typehints (>=1.2.0)", "sphinx-rtd-theme"]
test = ["mypy", "pytest", "typing-extensions"]

[[package]]
name = "typing-extensions"
version = "4.3.0"
description = "Backported and Experimental Type Hints for Python 3.7+"
category = "main"
optional = false
python-versions = ">=3.7"

[metadata]
lock-version = "1.1"
python-versions = "^3.10"
content-hash = "b5926a47fb943ae69c864e375a72eebf4175e14c67a0a359228b7aa73bc4fb14"

[metadata.files]
attrs = [
    {file = "attrs-22.1.0-py2.py3-none-any.whl", hash = "sha256:86efa402f67bf2df34f51a335487cf46b1ec130d02b8d39fd248abfd30da551c"},
    {file = "attrs-22.1.0.tar.gz", hash = "sha256:29adc2665447e5191d0e7c568fde78b21f9672d344281d0c6e1ab085429b22b6"},
]
aws-cdk-lib = [
    {file = "aws-cdk-lib-2.39.0.tar.gz", hash = "sha256:17fa6a78b6ec6f4ab2ce655f565d9f799f37afa8ca03ff78675e61f30ca6ef79"},
    {file = "aws_cdk_lib-2.39.0-py3-none-any.whl", hash = "sha256:4a4bc7798e73f527f1fb1bf8033da3c15f272ed91c07ef886b8f0713f96c5dc5"},
]
"aws-cdk.aws-lambda-python-alpha" = [
    {file = "aws-cdk.aws-lambda-python-alpha-2.39.0a0.tar.gz", hash = "sha256:0ea09956754cbeb4b3bf938e5374dd4aeab061e1907dda1147dfb405ab1ec304"},
    {file = "aws_cdk.aws_lambda_python_alpha-2.39.0a0-py3-none-any.whl", hash = "sha256:c7de75718f870886e03fe4e3cb5366893aba92b10e31183c1bdb313bfc33b4d4"},
]
cattrs = [
    {file = "cattrs-22.1.0-py3-none-any.whl", hash = "sha256:d55c477b4672f93606e992049f15d526dc7867e6c756cd6256d4af92e2b1e364"},
    {file = "cattrs-22.1.0.tar.gz", hash = "sha256:94b67b64cf92c994f8784c40c082177dc916e0489a73a9a36b24eb18a9db40c6"},
]
constructs = [
    {file = "constructs-10.1.88-py3-none-any.whl", hash = "sha256:2b9bc017c9e797fa9a0ad0318ef205b2f5ab831721e5bb20465c828d91aefe3a"},
    {file = "constructs-10.1.88.tar.gz", hash = "sha256:75af6e9fdbc2d35a5659244ddc40dfd6966d57009644179c236cbbee8b5faee9"},
]
exceptiongroup = [
    {file = "exceptiongroup-1.0.0rc8-py3-none-any.whl", hash = "sha256:ab0a968e1ef769e55d9a596f4a89f7be9ffedbc9fdefdb77cc68cf5c33ce1035"},
    {file = "exceptiongroup-1.0.0rc8.tar.gz", hash = "sha256:6990c24f06b8d33c8065cfe43e5e8a4bfa384e0358be036af9cc60b6321bd11a"},
]
jsii = [
    {file = "jsii-1.65.0-py3-none-any.whl", hash = "sha256:47b939259ec465bc044aed6d3288b9b27a8edef2af21f1a8448e297b8429f154"},
    {file = "jsii-1.65.0.tar.gz", hash = "sha256:a09ef1f9864fe27457ba4233b3a0744a76d2562077d5b8b3a7f2242edc4a8293"},
]
mentor-match = [
    {file = "mentor-match-7.0.0.tar.gz", hash = "sha256:37a3ab04423731211f8067695bcebd64aa03cb17cfc11a974e7872af0af26245"},
    {file = "mentor_match-7.0.0-py3-none-any.whl", hash = "sha256:26765f63a27acefe102cb016069ccf9fdd073505744f2a002875de065ee88a85"},
]
munkres = [
    {file = "munkres-1.1.4-py2.py3-none-any.whl", hash = "sha256:6b01867d4a8480d865aea2326e4b8f7c46431e9e55b4a2e32d989307d7bced2a"},
    {file = "munkres-1.1.4.tar.gz", hash = "sha256:fc44bf3c3979dada4b6b633ddeeb8ffbe8388ee9409e4d4e8310c2da1792db03"},
]
publication = [
    {file = "publication-0.0.3-py2.py3-none-any.whl", hash = "sha256:0248885351febc11d8a1098d5c8e3ab2dabcf3e8c0c96db1e17ecd12b53afbe6"},
    {file = "publication-0.0.3.tar.gz", hash = "sha256:68416a0de76dddcdd2930d1c8ef853a743cc96c82416c4e4d3b5d901c6276dc4"},
]
python-dateutil = [
    {file = "python-dateutil-2.8.2.tar.gz", hash = "sha256:0123cacc1627ae19ddf3c27a5de5bd67ee4586fbdd6440d9748f8abb483d3e86"},
    {file = "python_dateutil-2.8.2-py2.py3-none-any.whl", hash = "sha256:961d03dc3453ebbc59dbdea9e4e11c5651520a876d0f4db161e8674aae935da9"},
]
six = [
    {file = "six-1.16.0-py2.py3-none-any.whl", hash = "sha256:8abb2f1d86890a2dfb989f9a77cfcfd3e47c2a354b01111771326f8aa26e0254"},
    {file = "six-1.16.0.tar.gz", hash = "sha256:1e61c37477a1626458e36f7b1d82aa5c9b094fa4802892072e49de9c60c4c926"},
]
typeguard = [
    {file = "typeguard-2.13.3-py3-none-any.whl", hash = "sha256:5e3e3be01e887e7eafae5af63d1f36c849aaa94e3a0112097312aabfa16284f1"},
    {file = "typeguard-2.13.3.tar.gz", hash = "sha256:00edaa8da3a133674796cf5ea87d9f4b4c367d77476e185e80251cc13dfbb8c4"},
]
typing-extensions = [
    {file = "typing_extensions-4.3.0-py3-none-any.whl", hash = "sha256:25642c956049920a5aa49edcdd6ab1e06d7e5d467fc00e0506c44ac86fbfca02"},
    {file = "typing_extensions-4.3.0.tar.gz", hash = "sha256:e6d2677a32f47fc7eb2795db1dd15c1f34eff616bcaf2cfb5e997f854fa1c4a6"},
]
